
Microsoft Visual Studio Solution File, Format Version 12.00
# Visual Studio Version 16
VisualStudioVersion = 16.0.31624.102
MinimumVisualStudioVersion = 10.0.40219.1
Project("{FAE04EC0-301F-11D3-BF4B-00C04F79EFBC}") = "Day 1 Exercise", "Day 1 Exercise\Day 1 Exercise.csproj", "{D7E34412-5EB9-49FF-B617-58BD6B0D2B7C}"
EndProject
Global
	GlobalSection(SolutionConfigurationPlatforms) = preSolution
		Debug|Any CPU = Debug|Any CPU
		Release|Any CPU = Release|Any CPU
	EndGlobalSection
	GlobalSection(ProjectConfigurationPlatforms) = postSolution
		{D7E34412-5EB9-49FF-B617-58BD6B0D2B7C}.Debug|Any CPU.ActiveCfg = Debug|Any CPU
		{D7E34412-5EB9-49FF-B617-58BD6B0D2B7C}.Debug|Any CPU.Build.0 = Debug|Any CPU
		{D7E34412-5EB9-49FF-B617-58BD6B0D2B7C}.Release|Any CPU.ActiveCfg = Release|Any CPU
		{D7E34412-5EB9-49FF-B617-58BD6B0D2B7C}.Release|Any CPU.Build.0 = Release|Any CPU
	EndGlobalSection
	GlobalSection(SolutionProperties) = preSolution
		HideSolutionNode = FALSE
	EndGlobalSection
	GlobalSection(ExtensibilityGlobals) = postSolution
		SolutionGuid = {D7476BD2-053F-44AB-B206-667113C723E9}
	EndGlobalSection
EndGlobal
